{
  "name": "ajs_node",
  "version": "1.0.0",
  "lockfileVersion": 3,
  "requires": true,
  "packages": {
    "": {
      "name": "ajs_node",
      "version": "1.0.0",
      "license": "ISC",
      "dependencies": {
        "@sauninaia/ajs": "^1.0.0"
      }
    },
    "node_modules/@sauninaia/ajs": {
      "version": "1.0.0",
      "resolved": "https://npm.pkg.github.com/download/@sauninaia/ajs/1.0.0/d1d78d79bab54e43c852d3cf085f3d9e328b3fb7",
      "integrity": "sha512-EzxmTAMXd17KjuKCwXWYQW3dcgBbOKoCKyKKOLnQgK23LRkt08HdK+8TcVt3qFjFD2bQlau2490dk1HfkWVJFw==",
      "license": "ISC"
    }
  }
}
